
Microsoft Visual Studio Solution File, Format Version 11.00
# Visual Studio 2010
Project("{FAE04EC0-301F-11D3-BF4B-00C04F79EFBC}") = "Assembly-CSharp", "Assembly-CSharp.csproj", "{AE84FB1D-0F87-4F3A-B8ED-6F2155665740}"
EndProject
Global
	GlobalSection(SolutionConfigurationPlatforms) = preSolution
		Debug|Any CPU = Debug|Any CPU
		Release|Any CPU = Release|Any CPU
	EndGlobalSection
	GlobalSection(ProjectConfigurationPlatforms) = postSolution
		{AE84FB1D-0F87-4F3A-B8ED-6F2155665740}.Debug|Any CPU.ActiveCfg = Debug|Any CPU
		{AE84FB1D-0F87-4F3A-B8ED-6F2155665740}.Debug|Any CPU.Build.0 = Debug|Any CPU
		{AE84FB1D-0F87-4F3A-B8ED-6F2155665740}.Release|Any CPU.ActiveCfg = Release|Any CPU
		{AE84FB1D-0F87-4F3A-B8ED-6F2155665740}.Release|Any CPU.Build.0 = Release|Any CPU
	EndGlobalSection
	GlobalSection(SolutionProperties) = preSolution
		HideSolutionNode = FALSE
	EndGlobalSection
EndGlobal
